
Microsoft Visual Studio Solution File, Format Version 12.00
# Visual Studio Version 17
VisualStudioVersion = 17.8.34525.116
MinimumVisualStudioVersion = 10.0.40219.1
Project("{FAE04EC0-301F-11D3-BF4B-00C04F79EFBC}") = "EjeploConsoleTicket", "EjeploConsoleTicket\EjeploConsoleTicket.csproj", "{817C683E-5DAC-4DDB-82F0-02B73DCF0C12}"
EndProject
Global
	GlobalSection(SolutionConfigurationPlatforms) = preSolution
		Debug|Any CPU = Debug|Any CPU
		Release|Any CPU = Release|Any CPU
	EndGlobalSection
	GlobalSection(ProjectConfigurationPlatforms) = postSolution
		{817C683E-5DAC-4DDB-82F0-02B73DCF0C12}.Debug|Any CPU.ActiveCfg = Debug|Any CPU
		{817C683E-5DAC-4DDB-82F0-02B73DCF0C12}.Debug|Any CPU.Build.0 = Debug|Any CPU
		{817C683E-5DAC-4DDB-82F0-02B73DCF0C12}.Release|Any CPU.ActiveCfg = Release|Any CPU
		{817C683E-5DAC-4DDB-82F0-02B73DCF0C12}.Release|Any CPU.Build.0 = Release|Any CPU
	EndGlobalSection
	GlobalSection(SolutionProperties) = preSolution
		HideSolutionNode = FALSE
	EndGlobalSection
	GlobalSection(ExtensibilityGlobals) = postSolution
		SolutionGuid = {D8C8D23E-FEF0-49CD-8C32-96C8A0E3262F}
	EndGlobalSection
EndGlobal
